
Microsoft Visual Studio Solution File, Format Version 12.00
# Visual Studio 15
VisualStudioVersion = 15.0.27130.2020
MinimumVisualStudioVersion = 10.0.40219.1
Project("{FAE04EC0-301F-11D3-BF4B-00C04F79EFBC}") = "ConsoleApp1", "ConsoleApp1\ConsoleApp1.csproj", "{2392C5F7-DE0A-4AE3-92F8-5164C51719FB}"
EndProject
Global
	GlobalSection(SolutionConfigurationPlatforms) = preSolution
		Debug|Any CPU = Debug|Any CPU
		Release|Any CPU = Release|Any CPU
	EndGlobalSection
	GlobalSection(ProjectConfigurationPlatforms) = postSolution
		{2392C5F7-DE0A-4AE3-92F8-5164C51719FB}.Debug|Any CPU.ActiveCfg = Debug|Any CPU
		{2392C5F7-DE0A-4AE3-92F8-5164C51719FB}.Debug|Any CPU.Build.0 = Debug|Any CPU
		{2392C5F7-DE0A-4AE3-92F8-5164C51719FB}.Release|Any CPU.ActiveCfg = Release|Any CPU
		{2392C5F7-DE0A-4AE3-92F8-5164C51719FB}.Release|Any CPU.Build.0 = Release|Any CPU
	EndGlobalSection
	GlobalSection(SolutionProperties) = preSolution
		HideSolutionNode = FALSE
	EndGlobalSection
	GlobalSection(ExtensibilityGlobals) = postSolution
		SolutionGuid = {899241CE-84BE-445B-BACF-1D8E6DFABCE3}
	EndGlobalSection
EndGlobal
